
Microsoft Visual Studio Solution File, Format Version 12.00
# Visual Studio Version 17
VisualStudioVersion = 17.7.34024.191
MinimumVisualStudioVersion = 10.0.40219.1
Project("{FAE04EC0-301F-11D3-BF4B-00C04F79EFBC}") = "Lab01-01", "Lab01-01\Lab01-01.csproj", "{03C2400C-B54A-4314-B4B3-A6373E7178E8}"
EndProject
Global
	GlobalSection(SolutionConfigurationPlatforms) = preSolution
		Debug|Any CPU = Debug|Any CPU
		Release|Any CPU = Release|Any CPU
	EndGlobalSection
	GlobalSection(ProjectConfigurationPlatforms) = postSolution
		{03C2400C-B54A-4314-B4B3-A6373E7178E8}.Debug|Any CPU.ActiveCfg = Debug|Any CPU
		{03C2400C-B54A-4314-B4B3-A6373E7178E8}.Debug|Any CPU.Build.0 = Debug|Any CPU
		{03C2400C-B54A-4314-B4B3-A6373E7178E8}.Release|Any CPU.ActiveCfg = Release|Any CPU
		{03C2400C-B54A-4314-B4B3-A6373E7178E8}.Release|Any CPU.Build.0 = Release|Any CPU
	EndGlobalSection
	GlobalSection(SolutionProperties) = preSolution
		HideSolutionNode = FALSE
	EndGlobalSection
	GlobalSection(ExtensibilityGlobals) = postSolution
		SolutionGuid = {BBC85547-2C47-4862-9503-8650201B6647}
	EndGlobalSection
EndGlobal
